
Microsoft Visual Studio Solution File, Format Version 12.00
# Visual Studio Version 17
VisualStudioVersion = 17.4.33103.184
MinimumVisualStudioVersion = 10.0.40219.1
Project("{9A19103F-16F7-4668-BE54-9A1E7A4F7556}") = "ProjectEulerProblems.Tests", "ProjectEuler\ProjectEulerProblems.Tests.csproj", "{1857A7BA-997A-4E35-8EB9-7FED8ECC04D3}"
EndProject
Project("{FAE04EC0-301F-11D3-BF4B-00C04F79EFBC}") = "ProjectEulerProblems", "ProjectEulerProblems\ProjectEulerProblems.csproj", "{7DDD0249-7855-434E-9CBD-05BC98ACEA42}"
EndProject
Global
	GlobalSection(SolutionConfigurationPlatforms) = preSolution
		Debug|Any CPU = Debug|Any CPU
		Release|Any CPU = Release|Any CPU
	EndGlobalSection
	GlobalSection(ProjectConfigurationPlatforms) = postSolution
		{1857A7BA-997A-4E35-8EB9-7FED8ECC04D3}.Debug|Any CPU.ActiveCfg = Debug|Any CPU
		{1857A7BA-997A-4E35-8EB9-7FED8ECC04D3}.Debug|Any CPU.Build.0 = Debug|Any CPU
		{1857A7BA-997A-4E35-8EB9-7FED8ECC04D3}.Release|Any CPU.ActiveCfg = Release|Any CPU
		{1857A7BA-997A-4E35-8EB9-7FED8ECC04D3}.Release|Any CPU.Build.0 = Release|Any CPU
		{7DDD0249-7855-434E-9CBD-05BC98ACEA42}.Debug|Any CPU.ActiveCfg = Debug|Any CPU
		{7DDD0249-7855-434E-9CBD-05BC98ACEA42}.Debug|Any CPU.Build.0 = Debug|Any CPU
		{7DDD0249-7855-434E-9CBD-05BC98ACEA42}.Release|Any CPU.ActiveCfg = Release|Any CPU
		{7DDD0249-7855-434E-9CBD-05BC98ACEA42}.Release|Any CPU.Build.0 = Release|Any CPU
	EndGlobalSection
	GlobalSection(SolutionProperties) = preSolution
		HideSolutionNode = FALSE
	EndGlobalSection
	GlobalSection(ExtensibilityGlobals) = postSolution
		SolutionGuid = {AA187372-EE64-4CDD-8C67-F53AE0347C2E}
	EndGlobalSection
EndGlobal
